
Microsoft Visual Studio Solution File, Format Version 12.00
# Visual Studio 15
VisualStudioVersion = 15.0.28010.2019
MinimumVisualStudioVersion = 10.0.40219.1
Project("{FAE04EC0-301F-11D3-BF4B-00C04F79EFBC}") = "Inheritance_practice", "Inheritance_practice.csproj", "{BAE661E3-7BEE-4B46-811D-954219C91DC7}"
EndProject
Global
	GlobalSection(SolutionConfigurationPlatforms) = preSolution
		Debug|Any CPU = Debug|Any CPU
		Release|Any CPU = Release|Any CPU
	EndGlobalSection
	GlobalSection(ProjectConfigurationPlatforms) = postSolution
		{BAE661E3-7BEE-4B46-811D-954219C91DC7}.Debug|Any CPU.ActiveCfg = Debug|Any CPU
		{BAE661E3-7BEE-4B46-811D-954219C91DC7}.Debug|Any CPU.Build.0 = Debug|Any CPU
		{BAE661E3-7BEE-4B46-811D-954219C91DC7}.Release|Any CPU.ActiveCfg = Release|Any CPU
		{BAE661E3-7BEE-4B46-811D-954219C91DC7}.Release|Any CPU.Build.0 = Release|Any CPU
	EndGlobalSection
	GlobalSection(SolutionProperties) = preSolution
		HideSolutionNode = FALSE
	EndGlobalSection
	GlobalSection(ExtensibilityGlobals) = postSolution
		SolutionGuid = {37D93345-EB0B-4B3D-A0EE-8841B69777A3}
	EndGlobalSection
EndGlobal
