
Microsoft Visual Studio Solution File, Format Version 12.00
# Visual Studio 15
VisualStudioVersion = 15.0.28010.2019
MinimumVisualStudioVersion = 10.0.40219.1
Project("{FAE04EC0-301F-11D3-BF4B-00C04F79EFBC}") = "11_pamoka", "11_pamoka.csproj", "{CF096BED-DB25-4654-A892-9382100954CA}"
EndProject
Global
	GlobalSection(SolutionConfigurationPlatforms) = preSolution
		Debug|Any CPU = Debug|Any CPU
		Release|Any CPU = Release|Any CPU
	EndGlobalSection
	GlobalSection(ProjectConfigurationPlatforms) = postSolution
		{CF096BED-DB25-4654-A892-9382100954CA}.Debug|Any CPU.ActiveCfg = Debug|Any CPU
		{CF096BED-DB25-4654-A892-9382100954CA}.Debug|Any CPU.Build.0 = Debug|Any CPU
		{CF096BED-DB25-4654-A892-9382100954CA}.Release|Any CPU.ActiveCfg = Release|Any CPU
		{CF096BED-DB25-4654-A892-9382100954CA}.Release|Any CPU.Build.0 = Release|Any CPU
	EndGlobalSection
	GlobalSection(SolutionProperties) = preSolution
		HideSolutionNode = FALSE
	EndGlobalSection
	GlobalSection(ExtensibilityGlobals) = postSolution
		SolutionGuid = {02B7BA50-68D7-46FA-9F18-0F00729FFF2C}
	EndGlobalSection
EndGlobal
